// !$*UTF8*$!
{
	archiveVersion = 1;
	classes = {
	};
	objectVersion = 55;
	objects = {

/* Begin PBXBuildFile section */
		73C691E32818578A009D09A0 /* Reality_CaptureApp.swift in Sources */ = {isa = PBXBuildFile; fileRef = 73C691E22818578A009D09A0 /* Reality_CaptureApp.swift */; };
		73C691E52818578A009D09A0 /* ContentView.swift in Sources */ = {isa = PBXBuildFile; fileRef = 73C691E42818578A009D09A0 /* ContentView.swift */; };
		73C691E72818578B009D09A0 /* Assets.xcassets in Resources */ = {isa = PBXBuildFile; fileRef = 73C691E62818578B009D09A0 /* Assets.xcassets */; };
		73C691EA2818578B009D09A0 /* Preview Assets.xcassets in Resources */ = {isa = PBXBuildFile; fileRef = 73C691E92818578B009D09A0 /* Preview Assets.xcassets */; };
		73C691F12818580D009D09A0 /* AsyncImageHelpers.swift in Sources */ = {isa = PBXBuildFile; fileRef = 73C691F02818580D009D09A0 /* AsyncImageHelpers.swift */; };
		73C691F328185837009D09A0 /* CameraViewModel.swift in Sources */ = {isa = PBXBuildFile; fileRef = 73C691F228185837009D09A0 /* CameraViewModel.swift */; };
		73C691F528185856009D09A0 /* CaptureFolderState.swift in Sources */ = {isa = PBXBuildFile; fileRef = 73C691F428185856009D09A0 /* CaptureFolderState.swift */; };
		73C691F728185871009D09A0 /* CaptureFoldersView.swift in Sources */ = {isa = PBXBuildFile; fileRef = 73C691F628185871009D09A0 /* CaptureFoldersView.swift */; };
		73C691F928185891009D09A0 /* CaptureGalleryView.swift in Sources */ = {isa = PBXBuildFile; fileRef = 73C691F828185891009D09A0 /* CaptureGalleryView.swift */; };
		73C691FB281858C6009D09A0 /* CameraPreviewView.swift in Sources */ = {isa = PBXBuildFile; fileRef = 73C691FA281858C6009D09A0 /* CameraPreviewView.swift */; };
		73C691FD281858E0009D09A0 /* CameraView.swift in Sources */ = {isa = PBXBuildFile; fileRef = 73C691FC281858E0009D09A0 /* CameraView.swift */; };
		73C691FF281858FE009D09A0 /* Capture.swift in Sources */ = {isa = PBXBuildFile; fileRef = 73C691FE281858FE009D09A0 /* Capture.swift */; };
		73C6920128185917009D09A0 /* CaptureInfo.swift in Sources */ = {isa = PBXBuildFile; fileRef = 73C6920028185917009D09A0 /* CaptureInfo.swift */; };
		73C6920328185932009D09A0 /* TriggerEveryTimer.swift in Sources */ = {isa = PBXBuildFile; fileRef = 73C6920228185932009D09A0 /* TriggerEveryTimer.swift */; };
		73C692052818595A009D09A0 /* HelpPageView.swift in Sources */ = {isa = PBXBuildFile; fileRef = 73C692042818595A009D09A0 /* HelpPageView.swift */; };
		73C6920728185973009D09A0 /* ImageLoader.swift in Sources */ = {isa = PBXBuildFile; fileRef = 73C6920628185973009D09A0 /* ImageLoader.swift */; };
		73C692092818598F009D09A0 /* InfoPanelView.swift in Sources */ = {isa = PBXBuildFile; fileRef = 73C692082818598F009D09A0 /* InfoPanelView.swift */; };
		73C6920B281859B7009D09A0 /* PhotoCaptureDelegate.swift in Sources */ = {isa = PBXBuildFile; fileRef = 73C6920A281859B7009D09A0 /* PhotoCaptureDelegate.swift */; };
		73C6920D281859CF009D09A0 /* TimerView.swift in Sources */ = {isa = PBXBuildFile; fileRef = 73C6920C281859CF009D09A0 /* TimerView.swift */; };
		73C69211281861D0009D09A0 /* Localizable.strings in Resources */ = {isa = PBXBuildFile; fileRef = 73C69213281861D0009D09A0 /* Localizable.strings */; };
		73E2F7A92B87529D00F60558 /* PhotogrammetryView.swift in Sources */ = {isa = PBXBuildFile; fileRef = 73E2F7A82B87529D00F60558 /* PhotogrammetryView.swift */; };
		73E2F7AB2B87536300F60558 /* Constructor.swift in Sources */ = {isa = PBXBuildFile; fileRef = 73E2F7AA2B87536300F60558 /* Constructor.swift */; };
/* End PBXBuildFile section */

/* Begin PBXFileReference section */
		73C691DF2818578A009D09A0 /* Reality Capture.app */ = {isa = PBXFileReference; explicitFileType = wrapper.application; includeInIndex = 0; path = "Reality Capture.app"; sourceTree = BUILT_PRODUCTS_DIR; };
		73C691E22818578A009D09A0 /* Reality_CaptureApp.swift */ = {isa = PBXFileReference; lastKnownFileType = sourcecode.swift; path = Reality_CaptureApp.swift; sourceTree = "<group>"; };
		73C691E42818578A009D09A0 /* ContentView.swift */ = {isa = PBXFileReference; lastKnownFileType = sourcecode.swift; path = ContentView.swift; sourceTree = "<group>"; };
		73C691E62818578B009D09A0 /* Assets.xcassets */ = {isa = PBXFileReference; lastKnownFileType = folder.assetcatalog; path = Assets.xcassets; sourceTree = "<group>"; };
		73C691E92818578B009D09A0 /* Preview Assets.xcassets */ = {isa = PBXFileReference; lastKnownFileType = folder.assetcatalog; path = "Preview Assets.xcassets"; sourceTree = "<group>"; };
		73C691F02818580D009D09A0 /* AsyncImageHelpers.swift */ = {isa = PBXFileReference; lastKnownFileType = sourcecode.swift; path = AsyncImageHelpers.swift; sourceTree = "<group>"; };
		73C691F228185837009D09A0 /* CameraViewModel.swift */ = {isa = PBXFileReference; lastKnownFileType = sourcecode.swift; path = CameraViewModel.swift; sourceTree = "<group>"; };
		73C691F428185856009D09A0 /* CaptureFolderState.swift */ = {isa = PBXFileReference; lastKnownFileType = sourcecode.swift; path = CaptureFolderState.swift; sourceTree = "<group>"; };
		73C691F628185871009D09A0 /* CaptureFoldersView.swift */ = {isa = PBXFileReference; lastKnownFileType = sourcecode.swift; path = CaptureFoldersView.swift; sourceTree = "<group>"; };
		73C691F828185891009D09A0 /* CaptureGalleryView.swift */ = {isa = PBXFileReference; lastKnownFileType = sourcecode.swift; path = CaptureGalleryView.swift; sourceTree = "<group>"; };
		73C691FA281858C6009D09A0 /* CameraPreviewView.swift */ = {isa = PBXFileReference; lastKnownFileType = sourcecode.swift; path = CameraPreviewView.swift; sourceTree = "<group>"; };
		73C691FC281858E0009D09A0 /* CameraView.swift */ = {isa = PBXFileReference; lastKnownFileType = sourcecode.swift; path = CameraView.swift; sourceTree = "<group>"; };
		73C691FE281858FE009D09A0 /* Capture.swift */ = {isa = PBXFileReference; lastKnownFileType = sourcecode.swift; path = Capture.swift; sourceTree = "<group>"; };
		73C6920028185917009D09A0 /* CaptureInfo.swift */ = {isa = PBXFileReference; lastKnownFileType = sourcecode.swift; path = CaptureInfo.swift; sourceTree = "<group>"; };
		73C6920228185932009D09A0 /* TriggerEveryTimer.swift */ = {isa = PBXFileReference; lastKnownFileType = sourcecode.swift; path = TriggerEveryTimer.swift; sourceTree = "<group>"; };
		73C692042818595A009D09A0 /* HelpPageView.swift */ = {isa = PBXFileReference; lastKnownFileType = sourcecode.swift; path = HelpPageView.swift; sourceTree = "<group>"; };
		73C6920628185973009D09A0 /* ImageLoader.swift */ = {isa = PBXFileReference; lastKnownFileType = sourcecode.swift; path = ImageLoader.swift; sourceTree = "<group>"; };
		73C692082818598F009D09A0 /* InfoPanelView.swift */ = {isa = PBXFileReference; lastKnownFileType = sourcecode.swift; path = InfoPanelView.swift; sourceTree = "<group>"; };
		73C6920A281859B7009D09A0 /* PhotoCaptureDelegate.swift */ = {isa = PBXFileReference; lastKnownFileType = sourcecode.swift; path = PhotoCaptureDelegate.swift; sourceTree = "<group>"; };
		73C6920C281859CF009D09A0 /* TimerView.swift */ = {isa = PBXFileReference; lastKnownFileType = sourcecode.swift; path = TimerView.swift; sourceTree = "<group>"; };
		73C6920E28185BD6009D09A0 /* Reality-Capture-Info.plist */ = {isa = PBXFileReference; lastKnownFileType = text.plist; path = "Reality-Capture-Info.plist"; sourceTree = SOURCE_ROOT; };
		73C69212281861D0009D09A0 /* en */ = {isa = PBXFileReference; lastKnownFileType = text.plist.strings; name = en; path = en.lproj/Localizable.strings; sourceTree = "<group>"; };
		73C69214281861DE009D09A0 /* zh-Hans */ = {isa = PBXFileReference; lastKnownFileType = text.plist.strings; name = "zh-Hans"; path = "zh-Hans.lproj/Localizable.strings"; sourceTree = "<group>"; };
		73E2F7A82B87529D00F60558 /* PhotogrammetryView.swift */ = {isa = PBXFileReference; lastKnownFileType = sourcecode.swift; path = PhotogrammetryView.swift; sourceTree = "<group>"; };
		73E2F7AA2B87536300F60558 /* Constructor.swift */ = {isa = PBXFileReference; lastKnownFileType = sourcecode.swift; path = Constructor.swift; sourceTree = "<group>"; };
/* End PBXFileReference section */

/* Begin PBXFrameworksBuildPhase section */
		73C691DC2818578A009D09A0 /* Frameworks */ = {
			isa = PBXFrameworksBuildPhase;
			buildActionMask = 2147483647;
			files = (
			);
			runOnlyForDeploymentPostprocessing = 0;
		};
/* End PBXFrameworksBuildPhase section */

/* Begin PBXGroup section */
		73C691D62818578A009D09A0 = {
			isa = PBXGroup;
			children = (
				73C691E12818578A009D09A0 /* Reality Capture */,
				73C691E02818578A009D09A0 /* Products */,
			);
			sourceTree = "<group>";
		};
		73C691E02818578A009D09A0 /* Products */ = {
			isa = PBXGroup;
			children = (
				73C691DF2818578A009D09A0 /* Reality Capture.app */,
			);
			name = Products;
			sourceTree = "<group>";
		};
		73C691E12818578A009D09A0 /* Reality Capture */ = {
			isa = PBXGroup;
			children = (
				73C6920E28185BD6009D09A0 /* Reality-Capture-Info.plist */,
				73C691E22818578A009D09A0 /* Reality_CaptureApp.swift */,
				73C691F02818580D009D09A0 /* AsyncImageHelpers.swift */,
				73C691F228185837009D09A0 /* CameraViewModel.swift */,
				73C691F428185856009D09A0 /* CaptureFolderState.swift */,
				73C691F628185871009D09A0 /* CaptureFoldersView.swift */,
				73C691F828185891009D09A0 /* CaptureGalleryView.swift */,
				73C691FA281858C6009D09A0 /* CameraPreviewView.swift */,
				73C691FC281858E0009D09A0 /* CameraView.swift */,
				73C691FE281858FE009D09A0 /* Capture.swift */,
				73C6920028185917009D09A0 /* CaptureInfo.swift */,
				73C6920228185932009D09A0 /* TriggerEveryTimer.swift */,
				73C692042818595A009D09A0 /* HelpPageView.swift */,
				73E2F7A82B87529D00F60558 /* PhotogrammetryView.swift */,
				73E2F7AA2B87536300F60558 /* Constructor.swift */,
				73C6920628185973009D09A0 /* ImageLoader.swift */,
				73C692082818598F009D09A0 /* InfoPanelView.swift */,
				73C6920A281859B7009D09A0 /* PhotoCaptureDelegate.swift */,
				73C6920C281859CF009D09A0 /* TimerView.swift */,
				73C691E42818578A009D09A0 /* ContentView.swift */,
				73C69213281861D0009D09A0 /* Localizable.strings */,
				73C691E62818578B009D09A0 /* Assets.xcassets */,
				73C691E82818578B009D09A0 /* Preview Content */,
			);
			path = "Reality Capture";
			sourceTree = "<group>";
		};
		73C691E82818578B009D09A0 /* Preview Content */ = {
			isa = PBXGroup;
			children = (
				73C691E92818578B009D09A0 /* Preview Assets.xcassets */,
			);
			path = "Preview Content";
			sourceTree = "<group>";
		};
/* End PBXGroup section */

/* Begin PBXNativeTarget section */
		73C691DE2818578A009D09A0 /* Reality Capture */ = {
			isa = PBXNativeTarget;
			buildConfigurationList = 73C691ED2818578B009D09A0 /* Build configuration list for PBXNativeTarget "Reality Capture" */;
			buildPhases = (
				73C691DB2818578A009D09A0 /* Sources */,
				73C691DC2818578A009D09A0 /* Frameworks */,
				73C691DD2818578A009D09A0 /* Resources */,
			);
			buildRules = (
			);
			dependencies = (
			);
			name = "Reality Capture";
			productName = "Reality Capture";
			productReference = 73C691DF2818578A009D09A0 /* Reality Capture.app */;
			productType = "com.apple.product-type.application";
		};
/* End PBXNativeTarget section */

/* Begin PBXProject section */
		73C691D72818578A009D09A0 /* Project object */ = {
			isa = PBXProject;
			attributes = {
				BuildIndependentTargetsInParallel = 1;
				LastSwiftUpdateCheck = 1330;
				LastUpgradeCheck = 1530;
				TargetAttributes = {
					73C691DE2818578A009D09A0 = {
						CreatedOnToolsVersion = 13.3.1;
					};
				};
			};
			buildConfigurationList = 73C691DA2818578A009D09A0 /* Build configuration list for PBXProject "Reality Capture" */;
			compatibilityVersion = "Xcode 13.0";
			developmentRegion = en;
			hasScannedForEncodings = 0;
			knownRegions = (
				en,
				Base,
				"zh-Hans",
			);
			mainGroup = 73C691D62818578A009D09A0;
			productRefGroup = 73C691E02818578A009D09A0 /* Products */;
			projectDirPath = "";
			projectRoot = "";
			targets = (
				73C691DE2818578A009D09A0 /* Reality Capture */,
			);
		};
/* End PBXProject section */

/* Begin PBXResourcesBuildPhase section */
		73C691DD2818578A009D09A0 /* Resources */ = {
			isa = PBXResourcesBuildPhase;
			buildActionMask = 2147483647;
			files = (
				73C691EA2818578B009D09A0 /* Preview Assets.xcassets in Resources */,
				73C69211281861D0009D09A0 /* Localizable.strings in Resources */,
				73C691E72818578B009D09A0 /* Assets.xcassets in Resources */,
			);
			runOnlyForDeploymentPostprocessing = 0;
		};
/* End PBXResourcesBuildPhase section */

/* Begin PBXSourcesBuildPhase section */
		73C691DB2818578A009D09A0 /* Sources */ = {
			isa = PBXSourcesBuildPhase;
			buildActionMask = 2147483647;
			files = (
				73C6920728185973009D09A0 /* ImageLoader.swift in Sources */,
				73C691FB281858C6009D09A0 /* CameraPreviewView.swift in Sources */,
				73C6920128185917009D09A0 /* CaptureInfo.swift in Sources */,
				73C691E52818578A009D09A0 /* ContentView.swift in Sources */,
				73C691F328185837009D09A0 /* CameraViewModel.swift in Sources */,
				73C692052818595A009D09A0 /* HelpPageView.swift in Sources */,
				73C691FD281858E0009D09A0 /* CameraView.swift in Sources */,
				73C6920D281859CF009D09A0 /* TimerView.swift in Sources */,
				73C691F928185891009D09A0 /* CaptureGalleryView.swift in Sources */,
				73C6920328185932009D09A0 /* TriggerEveryTimer.swift in Sources */,
				73C691E32818578A009D09A0 /* Reality_CaptureApp.swift in Sources */,
				73C691F728185871009D09A0 /* CaptureFoldersView.swift in Sources */,
				73C691F12818580D009D09A0 /* AsyncImageHelpers.swift in Sources */,
				73C691FF281858FE009D09A0 /* Capture.swift in Sources */,
				73E2F7AB2B87536300F60558 /* Constructor.swift in Sources */,
				73E2F7A92B87529D00F60558 /* PhotogrammetryView.swift in Sources */,
				73C691F528185856009D09A0 /* CaptureFolderState.swift in Sources */,
				73C6920B281859B7009D09A0 /* PhotoCaptureDelegate.swift in Sources */,
				73C692092818598F009D09A0 /* InfoPanelView.swift in Sources */,
			);
			runOnlyForDeploymentPostprocessing = 0;
		};
/* End PBXSourcesBuildPhase section */

/* Begin PBXVariantGroup section */
		73C69213281861D0009D09A0 /* Localizable.strings */ = {
			isa = PBXVariantGroup;
			children = (
				73C69212281861D0009D09A0 /* en */,
				73C69214281861DE009D09A0 /* zh-Hans */,
			);
			name = Localizable.strings;
			sourceTree = "<group>";
		};
/* End PBXVariantGroup section */

/* Begin XCBuildConfiguration section */
		73C691EB2818578B009D09A0 /* Debug */ = {
			isa = XCBuildConfiguration;
			buildSettings = {
				ALWAYS_SEARCH_USER_PATHS = NO;
				ASSETCATALOG_COMPILER_GENERATE_SWIFT_ASSET_SYMBOL_EXTENSIONS = YES;
				CLANG_ANALYZER_LOCALIZABILITY_NONLOCALIZED = YES;
				CLANG_ANALYZER_NONNULL = YES;
				CLANG_ANALYZER_NUMBER_OBJECT_CONVERSION = YES_AGGRESSIVE;
				CLANG_CXX_LANGUAGE_STANDARD = "gnu++17";
				CLANG_ENABLE_MODULES = YES;
				CLANG_ENABLE_OBJC_ARC = YES;
				CLANG_ENABLE_OBJC_WEAK = YES;
				CLANG_WARN_BLOCK_CAPTURE_AUTORELEASING = YES;
				CLANG_WARN_BOOL_CONVERSION = YES;
				CLANG_WARN_COMMA = YES;
				CLANG_WARN_CONSTANT_CONVERSION = YES;
				CLANG_WARN_DEPRECATED_OBJC_IMPLEMENTATIONS = YES;
				CLANG_WARN_DIRECT_OBJC_ISA_USAGE = YES_ERROR;
				CLANG_WARN_DOCUMENTATION_COMMENTS = YES;
				CLANG_WARN_EMPTY_BODY = YES;
				CLANG_WARN_ENUM_CONVERSION = YES;
				CLANG_WARN_INFINITE_RECURSION = YES;
				CLANG_WARN_INT_CONVERSION = YES;
				CLANG_WARN_NON_LITERAL_NULL_CONVERSION = YES;
				CLANG_WARN_OBJC_IMPLICIT_RETAIN_SELF = YES;
				CLANG_WARN_OBJC_LITERAL_CONVERSION = YES;
				CLANG_WARN_OBJC_ROOT_CLASS = YES_ERROR;
				CLANG_WARN_QUOTED_INCLUDE_IN_FRAMEWORK_HEADER = YES;
				CLANG_WARN_RANGE_LOOP_ANALYSIS = YES;
				CLANG_WARN_STRICT_PROTOTYPES = YES;
				CLANG_WARN_SUSPICIOUS_MOVE = YES;
				CLANG_WARN_UNGUARDED_AVAILABILITY = YES_AGGRESSIVE;
				CLANG_WARN_UNREACHABLE_CODE = YES;
				CLANG_WARN__DUPLICATE_METHOD_MATCH = YES;
				COPY_PHASE_STRIP = NO;
				DEBUG_INFORMATION_FORMAT = dwarf;
				ENABLE_STRICT_OBJC_MSGSEND = YES;
				ENABLE_TESTABILITY = YES;
				ENABLE_USER_SCRIPT_SANDBOXING = YES;
				GCC_C_LANGUAGE_STANDARD = gnu11;
				GCC_DYNAMIC_NO_PIC = NO;
				GCC_NO_COMMON_BLOCKS = YES;
				GCC_OPTIMIZATION_LEVEL = 0;
				GCC_PREPROCESSOR_DEFINITIONS = (
					"DEBUG=1",
					"$(inherited)",
				);
				GCC_WARN_64_TO_32_BIT_CONVERSION = YES;
				GCC_WARN_ABOUT_RETURN_TYPE = YES_ERROR;
				GCC_WARN_UNDECLARED_SELECTOR = YES;
				GCC_WARN_UNINITIALIZED_AUTOS = YES_AGGRESSIVE;
				GCC_WARN_UNUSED_FUNCTION = YES;
				GCC_WARN_UNUSED_VARIABLE = YES;
				IPHONEOS_DEPLOYMENT_TARGET = 17.4;
				MTL_ENABLE_DEBUG_INFO = INCLUDE_SOURCE;
				MTL_FAST_MATH = YES;
				ONLY_ACTIVE_ARCH = YES;
				SDKROOT = iphoneos;
				SWIFT_ACTIVE_COMPILATION_CONDITIONS = DEBUG;
				SWIFT_OPTIMIZATION_LEVEL = "-Onone";
			};
			name = Debug;
		};
		73C691EC2818578B009D09A0 /* Release */ = {
			isa = XCBuildConfiguration;
			buildSettings = {
				ALWAYS_SEARCH_USER_PATHS = NO;
				ASSETCATALOG_COMPILER_GENERATE_SWIFT_ASSET_SYMBOL_EXTENSIONS = YES;
				CLANG_ANALYZER_LOCALIZABILITY_NONLOCALIZED = YES;
				CLANG_ANALYZER_NONNULL = YES;
				CLANG_ANALYZER_NUMBER_OBJECT_CONVERSION = YES_AGGRESSIVE;
				CLANG_CXX_LANGUAGE_STANDARD = "gnu++17";
				CLANG_ENABLE_MODULES = YES;
				CLANG_ENABLE_OBJC_ARC = YES;
				CLANG_ENABLE_OBJC_WEAK = YES;
				CLANG_WARN_BLOCK_CAPTURE_AUTORELEASING = YES;
				CLANG_WARN_BOOL_CONVERSION = YES;
				CLANG_WARN_COMMA = YES;
				CLANG_WARN_CONSTANT_CONVERSION = YES;
				CLANG_WARN_DEPRECATED_OBJC_IMPLEMENTATIONS = YES;
				CLANG_WARN_DIRECT_OBJC_ISA_USAGE = YES_ERROR;
				CLANG_WARN_DOCUMENTATION_COMMENTS = YES;
				CLANG_WARN_EMPTY_BODY = YES;
				CLANG_WARN_ENUM_CONVERSION = YES;
				CLANG_WARN_INFINITE_RECURSION = YES;
				CLANG_WARN_INT_CONVERSION = YES;
				CLANG_WARN_NON_LITERAL_NULL_CONVERSION = YES;
				CLANG_WARN_OBJC_IMPLICIT_RETAIN_SELF = YES;
				CLANG_WARN_OBJC_LITERAL_CONVERSION = YES;
				CLANG_WARN_OBJC_ROOT_CLASS = YES_ERROR;
				CLANG_WARN_QUOTED_INCLUDE_IN_FRAMEWORK_HEADER = YES;
				CLANG_WARN_RANGE_LOOP_ANALYSIS = YES;
				CLANG_WARN_STRICT_PROTOTYPES = YES;
				CLANG_WARN_SUSPICIOUS_MOVE = YES;
				CLANG_WARN_UNGUARDED_AVAILABILITY = YES_AGGRESSIVE;
				CLANG_WARN_UNREACHABLE_CODE = YES;
				CLANG_WARN__DUPLICATE_METHOD_MATCH = YES;
				COPY_PHASE_STRIP = NO;
				DEBUG_INFORMATION_FORMAT = "dwarf-with-dsym";
				ENABLE_NS_ASSERTIONS = NO;
				ENABLE_STRICT_OBJC_MSGSEND = YES;
				ENABLE_USER_SCRIPT_SANDBOXING = YES;
				GCC_C_LANGUAGE_STANDARD = gnu11;
				GCC_NO_COMMON_BLOCKS = YES;
				GCC_WARN_64_TO_32_BIT_CONVERSION = YES;
				GCC_WARN_ABOUT_RETURN_TYPE = YES_ERROR;
				GCC_WARN_UNDECLARED_SELECTOR = YES;
				GCC_WARN_UNINITIALIZED_AUTOS = YES_AGGRESSIVE;
				GCC_WARN_UNUSED_FUNCTION = YES;
				GCC_WARN_UNUSED_VARIABLE = YES;
				IPHONEOS_DEPLOYMENT_TARGET = 17.4;
				MTL_ENABLE_DEBUG_INFO = NO;
				MTL_FAST_MATH = YES;
				SDKROOT = iphoneos;
				SWIFT_COMPILATION_MODE = wholemodule;
				SWIFT_OPTIMIZATION_LEVEL = "-O";
				VALIDATE_PRODUCT = YES;
			};
			name = Release;
		};
		73C691EE2818578B009D09A0 /* Debug */ = {
			isa = XCBuildConfiguration;
			buildSettings = {
				ASSETCATALOG_COMPILER_APPICON_NAME = AppIcon;
				ASSETCATALOG_COMPILER_GLOBAL_ACCENT_COLOR_NAME = AccentColor;
				CODE_SIGN_STYLE = Automatic;
				CURRENT_PROJECT_VERSION = 1;
				DEVELOPMENT_ASSET_PATHS = "\"Reality Capture/Preview Content\"";
				DEVELOPMENT_TEAM = 2APZ6GJB83;
				ENABLE_PREVIEWS = YES;
				GENERATE_INFOPLIST_FILE = YES;
				INFOPLIST_FILE = "Reality-Capture-Info.plist";
				INFOPLIST_KEY_CFBundleDisplayName = "Reality Capture";
				INFOPLIST_KEY_LSApplicationCategoryType = "public.app-category.utilities";
				INFOPLIST_KEY_LSSupportsOpeningDocumentsInPlace = YES;
				INFOPLIST_KEY_NSCameraUsageDescription = "CaptureSample uses the camera to take photos and preview video.";
				INFOPLIST_KEY_UIApplicationSceneManifest_Generation = YES;
				INFOPLIST_KEY_UIApplicationSupportsIndirectInputEvents = YES;
				INFOPLIST_KEY_UILaunchScreen_Generation = YES;
				INFOPLIST_KEY_UIRequiresFullScreen = YES;
				INFOPLIST_KEY_UIStatusBarHidden = NO;
				INFOPLIST_KEY_UISupportedInterfaceOrientations = UIInterfaceOrientationPortrait;
				IPHONEOS_DEPLOYMENT_TARGET = 17.0;
				LD_RUNPATH_SEARCH_PATHS = (
					"$(inherited)",
					"@executable_path/Frameworks",
				);
				MARKETING_VERSION = 1.0;
				PRODUCT_BUNDLE_IDENTIFIER = "com.TianningDigital.Reality-Capture";
				PRODUCT_NAME = "$(TARGET_NAME)";
				SUPPORTED_PLATFORMS = "iphoneos iphonesimulator";
				SUPPORTS_MACCATALYST = NO;
				SUPPORTS_MAC_DESIGNED_FOR_IPHONE_IPAD = NO;
				SUPPORTS_XR_DESIGNED_FOR_IPHONE_IPAD = YES;
				SWIFT_EMIT_LOC_STRINGS = YES;
				SWIFT_VERSION = 5.0;
				TARGETED_DEVICE_FAMILY = "1,2";
			};
			name = Debug;
		};
		73C691EF2818578B009D09A0 /* Release */ = {
			isa = XCBuildConfiguration;
			buildSettings = {
				ASSETCATALOG_COMPILER_APPICON_NAME = AppIcon;
				ASSETCATALOG_COMPILER_GLOBAL_ACCENT_COLOR_NAME = AccentColor;
				CODE_SIGN_STYLE = Automatic;
				CURRENT_PROJECT_VERSION = 1;
				DEVELOPMENT_ASSET_PATHS = "\"Reality Capture/Preview Content\"";
				DEVELOPMENT_TEAM = 2APZ6GJB83;
				ENABLE_PREVIEWS = YES;
				GENERATE_INFOPLIST_FILE = YES;
				INFOPLIST_FILE = "Reality-Capture-Info.plist";
				INFOPLIST_KEY_CFBundleDisplayName = "Reality Capture";
				INFOPLIST_KEY_LSApplicationCategoryType = "public.app-category.utilities";
				INFOPLIST_KEY_LSSupportsOpeningDocumentsInPlace = YES;
				INFOPLIST_KEY_NSCameraUsageDescription = "CaptureSample uses the camera to take photos and preview video.";
				INFOPLIST_KEY_UIApplicationSceneManifest_Generation = YES;
				INFOPLIST_KEY_UIApplicationSupportsIndirectInputEvents = YES;
				INFOPLIST_KEY_UILaunchScreen_Generation = YES;
				INFOPLIST_KEY_UIRequiresFullScreen = YES;
				INFOPLIST_KEY_UIStatusBarHidden = NO;
				INFOPLIST_KEY_UISupportedInterfaceOrientations = UIInterfaceOrientationPortrait;
				IPHONEOS_DEPLOYMENT_TARGET = 17.0;
				LD_RUNPATH_SEARCH_PATHS = (
					"$(inherited)",
					"@executable_path/Frameworks",
				);
				MARKETING_VERSION = 1.0;
				PRODUCT_BUNDLE_IDENTIFIER = "com.TianningDigital.Reality-Capture";
				PRODUCT_NAME = "$(TARGET_NAME)";
				SUPPORTED_PLATFORMS = "iphoneos iphonesimulator";
				SUPPORTS_MACCATALYST = NO;
				SUPPORTS_MAC_DESIGNED_FOR_IPHONE_IPAD = NO;
				SUPPORTS_XR_DESIGNED_FOR_IPHONE_IPAD = YES;
				SWIFT_EMIT_LOC_STRINGS = YES;
				SWIFT_VERSION = 5.0;
				TARGETED_DEVICE_FAMILY = "1,2";
			};
			name = Release;
		};
/* End XCBuildConfiguration section */

/* Begin XCConfigurationList section */
		73C691DA2818578A009D09A0 /* Build configuration list for PBXProject "Reality Capture" */ = {
			isa = XCConfigurationList;
			buildConfigurations = (
				73C691EB2818578B009D09A0 /* Debug */,
				73C691EC2818578B009D09A0 /* Release */,
			);
			defaultConfigurationIsVisible = 0;
			defaultConfigurationName = Release;
		};
		73C691ED2818578B009D09A0 /* Build configuration list for PBXNativeTarget "Reality Capture" */ = {
			isa = XCConfigurationList;
			buildConfigurations = (
				73C691EE2818578B009D09A0 /* Debug */,
				73C691EF2818578B009D09A0 /* Release */,
			);
			defaultConfigurationIsVisible = 0;
			defaultConfigurationName = Release;
		};
/* End XCConfigurationList section */
	};
	rootObject = 73C691D72818578A009D09A0 /* Project object */;
}
